
Microsoft Visual Studio Solution File, Format Version 12.00
# Visual Studio Version 16
VisualStudioVersion = 16.0.30011.22
MinimumVisualStudioVersion = 10.0.40219.1
Project("{FAE04EC0-301F-11D3-BF4B-00C04F79EFBC}") = "test", "test\test.csproj", "{D3C082F7-8C11-44C6-BDBC-1C0F5EE6A34D}"
EndProject
Global
	GlobalSection(SolutionConfigurationPlatforms) = preSolution
		Debug|Any CPU = Debug|Any CPU
		Release|Any CPU = Release|Any CPU
	EndGlobalSection
	GlobalSection(ProjectConfigurationPlatforms) = postSolution
		{D3C082F7-8C11-44C6-BDBC-1C0F5EE6A34D}.Debug|Any CPU.ActiveCfg = Debug|Any CPU
		{D3C082F7-8C11-44C6-BDBC-1C0F5EE6A34D}.Debug|Any CPU.Build.0 = Debug|Any CPU
		{D3C082F7-8C11-44C6-BDBC-1C0F5EE6A34D}.Release|Any CPU.ActiveCfg = Release|Any CPU
		{D3C082F7-8C11-44C6-BDBC-1C0F5EE6A34D}.Release|Any CPU.Build.0 = Release|Any CPU
	EndGlobalSection
	GlobalSection(SolutionProperties) = preSolution
		HideSolutionNode = FALSE
	EndGlobalSection
	GlobalSection(ExtensibilityGlobals) = postSolution
		SolutionGuid = {C8DEFE76-1F5F-4134-AFDC-D7EF40ADB5E2}
	EndGlobalSection
EndGlobal
